// !$*UTF8*$!
{
	archiveVersion = 1;
	classes = {
	};
	objectVersion = 56;
	objects = {

/* Begin PBXBuildFile section */
		BB1B896D2AEAD114007DDE3D /* AppDelegate.swift in Sources */ = {isa = PBXBuildFile; fileRef = BB1B896C2AEAD114007DDE3D /* AppDelegate.swift */; };
		BB1B896F2AEAD114007DDE3D /* SceneDelegate.swift in Sources */ = {isa = PBXBuildFile; fileRef = BB1B896E2AEAD114007DDE3D /* SceneDelegate.swift */; };
		BB1B89712AEAD114007DDE3D /* ViewController.swift in Sources */ = {isa = PBXBuildFile; fileRef = BB1B89702AEAD114007DDE3D /* ViewController.swift */; };
		BB1B89742AEAD114007DDE3D /* Main.storyboard in Resources */ = {isa = PBXBuildFile; fileRef = BB1B89722AEAD114007DDE3D /* Main.storyboard */; };
		BB1B89762AEAD115007DDE3D /* Assets.xcassets in Resources */ = {isa = PBXBuildFile; fileRef = BB1B89752AEAD115007DDE3D /* Assets.xcassets */; };
		BB1B89792AEAD115007DDE3D /* LaunchScreen.storyboard in Resources */ = {isa = PBXBuildFile; fileRef = BB1B89772AEAD115007DDE3D /* LaunchScreen.storyboard */; };
		BB1B89842AEAD115007DDE3D /* Assignment6Tests.swift in Sources */ = {isa = PBXBuildFile; fileRef = BB1B89832AEAD115007DDE3D /* Assignment6Tests.swift */; };
		BB1B898E2AEAD115007DDE3D /* Assignment6UITests.swift in Sources */ = {isa = PBXBuildFile; fileRef = BB1B898D2AEAD115007DDE3D /* Assignment6UITests.swift */; };
		BB1B89902AEAD115007DDE3D /* Assignment6UITestsLaunchTests.swift in Sources */ = {isa = PBXBuildFile; fileRef = BB1B898F2AEAD115007DDE3D /* Assignment6UITestsLaunchTests.swift */; };
		BB1B899E2AEAD15A007DDE3D /* Department.swift in Sources */ = {isa = PBXBuildFile; fileRef = BB1B899D2AEAD15A007DDE3D /* Department.swift */; };
		BB1B89A02AEAD170007DDE3D /* Account.swift in Sources */ = {isa = PBXBuildFile; fileRef = BB1B899F2AEAD170007DDE3D /* Account.swift */; };
		BB1B89A22AEAD17B007DDE3D /* Student.swift in Sources */ = {isa = PBXBuildFile; fileRef = BB1B89A12AEAD17B007DDE3D /* Student.swift */; };
		BB1B89A52AEAD323007DDE3D /* NetworkError.swift in Sources */ = {isa = PBXBuildFile; fileRef = BB1B89A42AEAD323007DDE3D /* NetworkError.swift */; };
		BB1B89AA2AEAD7CF007DDE3D /* SchoolAccountService.swift in Sources */ = {isa = PBXBuildFile; fileRef = BB1B89A92AEAD7CF007DDE3D /* SchoolAccountService.swift */; };
		BB1B89AD2AEADA00007DDE3D /* NetworkManager.swift in Sources */ = {isa = PBXBuildFile; fileRef = BB1B89AC2AEADA00007DDE3D /* NetworkManager.swift */; };
/* End PBXBuildFile section */

/* Begin PBXContainerItemProxy section */
		BB1B89802AEAD115007DDE3D /* PBXContainerItemProxy */ = {
			isa = PBXContainerItemProxy;
			containerPortal = BB1B89612AEAD114007DDE3D /* Project object */;
			proxyType = 1;
			remoteGlobalIDString = BB1B89682AEAD114007DDE3D;
			remoteInfo = Assignment6;
		};
		BB1B898A2AEAD115007DDE3D /* PBXContainerItemProxy */ = {
			isa = PBXContainerItemProxy;
			containerPortal = BB1B89612AEAD114007DDE3D /* Project object */;
			proxyType = 1;
			remoteGlobalIDString = BB1B89682AEAD114007DDE3D;
			remoteInfo = Assignment6;
		};
/* End PBXContainerItemProxy section */

/* Begin PBXFileReference section */
		BB1B89692AEAD114007DDE3D /* Assignment6.app */ = {isa = PBXFileReference; explicitFileType = wrapper.application; includeInIndex = 0; path = Assignment6.app; sourceTree = BUILT_PRODUCTS_DIR; };
		BB1B896C2AEAD114007DDE3D /* AppDelegate.swift */ = {isa = PBXFileReference; lastKnownFileType = sourcecode.swift; path = AppDelegate.swift; sourceTree = "<group>"; };
		BB1B896E2AEAD114007DDE3D /* SceneDelegate.swift */ = {isa = PBXFileReference; lastKnownFileType = sourcecode.swift; path = SceneDelegate.swift; sourceTree = "<group>"; };
		BB1B89702AEAD114007DDE3D /* ViewController.swift */ = {isa = PBXFileReference; lastKnownFileType = sourcecode.swift; path = ViewController.swift; sourceTree = "<group>"; };
		BB1B89732AEAD114007DDE3D /* Base */ = {isa = PBXFileReference; lastKnownFileType = file.storyboard; name = Base; path = Base.lproj/Main.storyboard; sourceTree = "<group>"; };
		BB1B89752AEAD115007DDE3D /* Assets.xcassets */ = {isa = PBXFileReference; lastKnownFileType = folder.assetcatalog; path = Assets.xcassets; sourceTree = "<group>"; };
		BB1B89782AEAD115007DDE3D /* Base */ = {isa = PBXFileReference; lastKnownFileType = file.storyboard; name = Base; path = Base.lproj/LaunchScreen.storyboard; sourceTree = "<group>"; };
		BB1B897A2AEAD115007DDE3D /* Info.plist */ = {isa = PBXFileReference; lastKnownFileType = text.plist.xml; path = Info.plist; sourceTree = "<group>"; };
		BB1B897F2AEAD115007DDE3D /* Assignment6Tests.xctest */ = {isa = PBXFileReference; explicitFileType = wrapper.cfbundle; includeInIndex = 0; path = Assignment6Tests.xctest; sourceTree = BUILT_PRODUCTS_DIR; };
		BB1B89832AEAD115007DDE3D /* Assignment6Tests.swift */ = {isa = PBXFileReference; lastKnownFileType = sourcecode.swift; path = Assignment6Tests.swift; sourceTree = "<group>"; };
		BB1B89892AEAD115007DDE3D /* Assignment6UITests.xctest */ = {isa = PBXFileReference; explicitFileType = wrapper.cfbundle; includeInIndex = 0; path = Assignment6UITests.xctest; sourceTree = BUILT_PRODUCTS_DIR; };
		BB1B898D2AEAD115007DDE3D /* Assignment6UITests.swift */ = {isa = PBXFileReference; lastKnownFileType = sourcecode.swift; path = Assignment6UITests.swift; sourceTree = "<group>"; };
		BB1B898F2AEAD115007DDE3D /* Assignment6UITestsLaunchTests.swift */ = {isa = PBXFileReference; lastKnownFileType = sourcecode.swift; path = Assignment6UITestsLaunchTests.swift; sourceTree = "<group>"; };
		BB1B899D2AEAD15A007DDE3D /* Department.swift */ = {isa = PBXFileReference; lastKnownFileType = sourcecode.swift; path = Department.swift; sourceTree = "<group>"; };
		BB1B899F2AEAD170007DDE3D /* Account.swift */ = {isa = PBXFileReference; lastKnownFileType = sourcecode.swift; path = Account.swift; sourceTree = "<group>"; };
		BB1B89A12AEAD17B007DDE3D /* Student.swift */ = {isa = PBXFileReference; lastKnownFileType = sourcecode.swift; path = Student.swift; sourceTree = "<group>"; };
		BB1B89A42AEAD323007DDE3D /* NetworkError.swift */ = {isa = PBXFileReference; lastKnownFileType = sourcecode.swift; path = NetworkError.swift; sourceTree = "<group>"; };
		BB1B89A92AEAD7CF007DDE3D /* SchoolAccountService.swift */ = {isa = PBXFileReference; lastKnownFileType = sourcecode.swift; path = SchoolAccountService.swift; sourceTree = "<group>"; };
		BB1B89AC2AEADA00007DDE3D /* NetworkManager.swift */ = {isa = PBXFileReference; lastKnownFileType = sourcecode.swift; path = NetworkManager.swift; sourceTree = "<group>"; };
/* End PBXFileReference section */

/* Begin PBXFrameworksBuildPhase section */
		BB1B89662AEAD114007DDE3D /* Frameworks */ = {
			isa = PBXFrameworksBuildPhase;
			buildActionMask = 2147483647;
			files = (
			);
			runOnlyForDeploymentPostprocessing = 0;
		};
		BB1B897C2AEAD115007DDE3D /* Frameworks */ = {
			isa = PBXFrameworksBuildPhase;
			buildActionMask = 2147483647;
			files = (
			);
			runOnlyForDeploymentPostprocessing = 0;
		};
		BB1B89862AEAD115007DDE3D /* Frameworks */ = {
			isa = PBXFrameworksBuildPhase;
			buildActionMask = 2147483647;
			files = (
			);
			runOnlyForDeploymentPostprocessing = 0;
		};
/* End PBXFrameworksBuildPhase section */

/* Begin PBXGroup section */
		BB1B89602AEAD114007DDE3D = {
			isa = PBXGroup;
			children = (
				BB1B896B2AEAD114007DDE3D /* Assignment6 */,
				BB1B89822AEAD115007DDE3D /* Assignment6Tests */,
				BB1B898C2AEAD115007DDE3D /* Assignment6UITests */,
				BB1B896A2AEAD114007DDE3D /* Products */,
			);
			sourceTree = "<group>";
		};
		BB1B896A2AEAD114007DDE3D /* Products */ = {
			isa = PBXGroup;
			children = (
				BB1B89692AEAD114007DDE3D /* Assignment6.app */,
				BB1B897F2AEAD115007DDE3D /* Assignment6Tests.xctest */,
				BB1B89892AEAD115007DDE3D /* Assignment6UITests.xctest */,
			);
			name = Products;
			sourceTree = "<group>";
		};
		BB1B896B2AEAD114007DDE3D /* Assignment6 */ = {
			isa = PBXGroup;
			children = (
				BB1B89AB2AEAD9F6007DDE3D /* Managers */,
				BB1B89A82AEAD7B4007DDE3D /* Services */,
				BB1B89A32AEAD302007DDE3D /* Enums */,
				BB1B899C2AEAD138007DDE3D /* Models */,
				BB1B896C2AEAD114007DDE3D /* AppDelegate.swift */,
				BB1B896E2AEAD114007DDE3D /* SceneDelegate.swift */,
				BB1B89702AEAD114007DDE3D /* ViewController.swift */,
				BB1B89722AEAD114007DDE3D /* Main.storyboard */,
				BB1B89752AEAD115007DDE3D /* Assets.xcassets */,
				BB1B89772AEAD115007DDE3D /* LaunchScreen.storyboard */,
				BB1B897A2AEAD115007DDE3D /* Info.plist */,
			);
			path = Assignment6;
			sourceTree = "<group>";
		};
		BB1B89822AEAD115007DDE3D /* Assignment6Tests */ = {
			isa = PBXGroup;
			children = (
				BB1B89832AEAD115007DDE3D /* Assignment6Tests.swift */,
			);
			path = Assignment6Tests;
			sourceTree = "<group>";
		};
		BB1B898C2AEAD115007DDE3D /* Assignment6UITests */ = {
			isa = PBXGroup;
			children = (
				BB1B898D2AEAD115007DDE3D /* Assignment6UITests.swift */,
				BB1B898F2AEAD115007DDE3D /* Assignment6UITestsLaunchTests.swift */,
			);
			path = Assignment6UITests;
			sourceTree = "<group>";
		};
		BB1B899C2AEAD138007DDE3D /* Models */ = {
			isa = PBXGroup;
			children = (
				BB1B899D2AEAD15A007DDE3D /* Department.swift */,
				BB1B899F2AEAD170007DDE3D /* Account.swift */,
				BB1B89A12AEAD17B007DDE3D /* Student.swift */,
			);
			path = Models;
			sourceTree = "<group>";
		};
		BB1B89A32AEAD302007DDE3D /* Enums */ = {
			isa = PBXGroup;
			children = (
				BB1B89A42AEAD323007DDE3D /* NetworkError.swift */,
			);
			path = Enums;
			sourceTree = "<group>";
		};
		BB1B89A82AEAD7B4007DDE3D /* Services */ = {
			isa = PBXGroup;
			children = (
				BB1B89A92AEAD7CF007DDE3D /* SchoolAccountService.swift */,
			);
			path = Services;
			sourceTree = "<group>";
		};
		BB1B89AB2AEAD9F6007DDE3D /* Managers */ = {
			isa = PBXGroup;
			children = (
				BB1B89AC2AEADA00007DDE3D /* NetworkManager.swift */,
			);
			path = Managers;
			sourceTree = "<group>";
		};
/* End PBXGroup section */

/* Begin PBXNativeTarget section */
		BB1B89682AEAD114007DDE3D /* Assignment6 */ = {
			isa = PBXNativeTarget;
			buildConfigurationList = BB1B89932AEAD115007DDE3D /* Build configuration list for PBXNativeTarget "Assignment6" */;
			buildPhases = (
				BB1B89652AEAD114007DDE3D /* Sources */,
				BB1B89662AEAD114007DDE3D /* Frameworks */,
				BB1B89672AEAD114007DDE3D /* Resources */,
			);
			buildRules = (
			);
			dependencies = (
			);
			name = Assignment6;
			productName = Assignment6;
			productReference = BB1B89692AEAD114007DDE3D /* Assignment6.app */;
			productType = "com.apple.product-type.application";
		};
		BB1B897E2AEAD115007DDE3D /* Assignment6Tests */ = {
			isa = PBXNativeTarget;
			buildConfigurationList = BB1B89962AEAD115007DDE3D /* Build configuration list for PBXNativeTarget "Assignment6Tests" */;
			buildPhases = (
				BB1B897B2AEAD115007DDE3D /* Sources */,
				BB1B897C2AEAD115007DDE3D /* Frameworks */,
				BB1B897D2AEAD115007DDE3D /* Resources */,
			);
			buildRules = (
			);
			dependencies = (
				BB1B89812AEAD115007DDE3D /* PBXTargetDependency */,
			);
			name = Assignment6Tests;
			productName = Assignment6Tests;
			productReference = BB1B897F2AEAD115007DDE3D /* Assignment6Tests.xctest */;
			productType = "com.apple.product-type.bundle.unit-test";
		};
		BB1B89882AEAD115007DDE3D /* Assignment6UITests */ = {
			isa = PBXNativeTarget;
			buildConfigurationList = BB1B89992AEAD115007DDE3D /* Build configuration list for PBXNativeTarget "Assignment6UITests" */;
			buildPhases = (
				BB1B89852AEAD115007DDE3D /* Sources */,
				BB1B89862AEAD115007DDE3D /* Frameworks */,
				BB1B89872AEAD115007DDE3D /* Resources */,
			);
			buildRules = (
			);
			dependencies = (
				BB1B898B2AEAD115007DDE3D /* PBXTargetDependency */,
			);
			name = Assignment6UITests;
			productName = Assignment6UITests;
			productReference = BB1B89892AEAD115007DDE3D /* Assignment6UITests.xctest */;
			productType = "com.apple.product-type.bundle.ui-testing";
		};
/* End PBXNativeTarget section */

/* Begin PBXProject section */
		BB1B89612AEAD114007DDE3D /* Project object */ = {
			isa = PBXProject;
			attributes = {
				BuildIndependentTargetsInParallel = 1;
				LastSwiftUpdateCheck = 1500;
				LastUpgradeCheck = 1500;
				TargetAttributes = {
					BB1B89682AEAD114007DDE3D = {
						CreatedOnToolsVersion = 15.0.1;
					};
					BB1B897E2AEAD115007DDE3D = {
						CreatedOnToolsVersion = 15.0.1;
						TestTargetID = BB1B89682AEAD114007DDE3D;
					};
					BB1B89882AEAD115007DDE3D = {
						CreatedOnToolsVersion = 15.0.1;
						TestTargetID = BB1B89682AEAD114007DDE3D;
					};
				};
			};
			buildConfigurationList = BB1B89642AEAD114007DDE3D /* Build configuration list for PBXProject "Assignment6" */;
			compatibilityVersion = "Xcode 14.0";
			developmentRegion = en;
			hasScannedForEncodings = 0;
			knownRegions = (
				en,
				Base,
			);
			mainGroup = BB1B89602AEAD114007DDE3D;
			productRefGroup = BB1B896A2AEAD114007DDE3D /* Products */;
			projectDirPath = "";
			projectRoot = "";
			targets = (
				BB1B89682AEAD114007DDE3D /* Assignment6 */,
				BB1B897E2AEAD115007DDE3D /* Assignment6Tests */,
				BB1B89882AEAD115007DDE3D /* Assignment6UITests */,
			);
		};
/* End PBXProject section */

/* Begin PBXResourcesBuildPhase section */
		BB1B89672AEAD114007DDE3D /* Resources */ = {
			isa = PBXResourcesBuildPhase;
			buildActionMask = 2147483647;
			files = (
				BB1B89792AEAD115007DDE3D /* LaunchScreen.storyboard in Resources */,
				BB1B89762AEAD115007DDE3D /* Assets.xcassets in Resources */,
				BB1B89742AEAD114007DDE3D /* Main.storyboard in Resources */,
			);
			runOnlyForDeploymentPostprocessing = 0;
		};
		BB1B897D2AEAD115007DDE3D /* Resources */ = {
			isa = PBXResourcesBuildPhase;
			buildActionMask = 2147483647;
			files = (
			);
			runOnlyForDeploymentPostprocessing = 0;
		};
		BB1B89872AEAD115007DDE3D /* Resources */ = {
			isa = PBXResourcesBuildPhase;
			buildActionMask = 2147483647;
			files = (
			);
			runOnlyForDeploymentPostprocessing = 0;
		};
/* End PBXResourcesBuildPhase section */

/* Begin PBXSourcesBuildPhase section */
		BB1B89652AEAD114007DDE3D /* Sources */ = {
			isa = PBXSourcesBuildPhase;
			buildActionMask = 2147483647;
			files = (
				BB1B89AD2AEADA00007DDE3D /* NetworkManager.swift in Sources */,
				BB1B89712AEAD114007DDE3D /* ViewController.swift in Sources */,
				BB1B89A22AEAD17B007DDE3D /* Student.swift in Sources */,
				BB1B896D2AEAD114007DDE3D /* AppDelegate.swift in Sources */,
				BB1B89AA2AEAD7CF007DDE3D /* SchoolAccountService.swift in Sources */,
				BB1B896F2AEAD114007DDE3D /* SceneDelegate.swift in Sources */,
				BB1B89A52AEAD323007DDE3D /* NetworkError.swift in Sources */,
				BB1B89A02AEAD170007DDE3D /* Account.swift in Sources */,
				BB1B899E2AEAD15A007DDE3D /* Department.swift in Sources */,
			);
			runOnlyForDeploymentPostprocessing = 0;
		};
		BB1B897B2AEAD115007DDE3D /* Sources */ = {
			isa = PBXSourcesBuildPhase;
			buildActionMask = 2147483647;
			files = (
				BB1B89842AEAD115007DDE3D /* Assignment6Tests.swift in Sources */,
			);
			runOnlyForDeploymentPostprocessing = 0;
		};
		BB1B89852AEAD115007DDE3D /* Sources */ = {
			isa = PBXSourcesBuildPhase;
			buildActionMask = 2147483647;
			files = (
				BB1B89902AEAD115007DDE3D /* Assignment6UITestsLaunchTests.swift in Sources */,
				BB1B898E2AEAD115007DDE3D /* Assignment6UITests.swift in Sources */,
			);
			runOnlyForDeploymentPostprocessing = 0;
		};
/* End PBXSourcesBuildPhase section */

/* Begin PBXTargetDependency section */
		BB1B89812AEAD115007DDE3D /* PBXTargetDependency */ = {
			isa = PBXTargetDependency;
			target = BB1B89682AEAD114007DDE3D /* Assignment6 */;
			targetProxy = BB1B89802AEAD115007DDE3D /* PBXContainerItemProxy */;
		};
		BB1B898B2AEAD115007DDE3D /* PBXTargetDependency */ = {
			isa = PBXTargetDependency;
			target = BB1B89682AEAD114007DDE3D /* Assignment6 */;
			targetProxy = BB1B898A2AEAD115007DDE3D /* PBXContainerItemProxy */;
		};
/* End PBXTargetDependency section */

/* Begin PBXVariantGroup section */
		BB1B89722AEAD114007DDE3D /* Main.storyboard */ = {
			isa = PBXVariantGroup;
			children = (
				BB1B89732AEAD114007DDE3D /* Base */,
			);
			name = Main.storyboard;
			sourceTree = "<group>";
		};
		BB1B89772AEAD115007DDE3D /* LaunchScreen.storyboard */ = {
			isa = PBXVariantGroup;
			children = (
				BB1B89782AEAD115007DDE3D /* Base */,
			);
			name = LaunchScreen.storyboard;
			sourceTree = "<group>";
		};
/* End PBXVariantGroup section */

/* Begin XCBuildConfiguration section */
		BB1B89912AEAD115007DDE3D /* Debug */ = {
			isa = XCBuildConfiguration;
			buildSettings = {
				ALWAYS_SEARCH_USER_PATHS = NO;
				ASSETCATALOG_COMPILER_GENERATE_SWIFT_ASSET_SYMBOL_EXTENSIONS = YES;
				CLANG_ANALYZER_NONNULL = YES;
				CLANG_ANALYZER_NUMBER_OBJECT_CONVERSION = YES_AGGRESSIVE;
				CLANG_CXX_LANGUAGE_STANDARD = "gnu++20";
				CLANG_ENABLE_MODULES = YES;
				CLANG_ENABLE_OBJC_ARC = YES;
				CLANG_ENABLE_OBJC_WEAK = YES;
				CLANG_WARN_BLOCK_CAPTURE_AUTORELEASING = YES;
				CLANG_WARN_BOOL_CONVERSION = YES;
				CLANG_WARN_COMMA = YES;
				CLANG_WARN_CONSTANT_CONVERSION = YES;
				CLANG_WARN_DEPRECATED_OBJC_IMPLEMENTATIONS = YES;
				CLANG_WARN_DIRECT_OBJC_ISA_USAGE = YES_ERROR;
				CLANG_WARN_DOCUMENTATION_COMMENTS = YES;
				CLANG_WARN_EMPTY_BODY = YES;
				CLANG_WARN_ENUM_CONVERSION = YES;
				CLANG_WARN_INFINITE_RECURSION = YES;
				CLANG_WARN_INT_CONVERSION = YES;
				CLANG_WARN_NON_LITERAL_NULL_CONVERSION = YES;
				CLANG_WARN_OBJC_IMPLICIT_RETAIN_SELF = YES;
				CLANG_WARN_OBJC_LITERAL_CONVERSION = YES;
				CLANG_WARN_OBJC_ROOT_CLASS = YES_ERROR;
				CLANG_WARN_QUOTED_INCLUDE_IN_FRAMEWORK_HEADER = YES;
				CLANG_WARN_RANGE_LOOP_ANALYSIS = YES;
				CLANG_WARN_STRICT_PROTOTYPES = YES;
				CLANG_WARN_SUSPICIOUS_MOVE = YES;
				CLANG_WARN_UNGUARDED_AVAILABILITY = YES_AGGRESSIVE;
				CLANG_WARN_UNREACHABLE_CODE = YES;
				CLANG_WARN__DUPLICATE_METHOD_MATCH = YES;
				COPY_PHASE_STRIP = NO;
				DEBUG_INFORMATION_FORMAT = dwarf;
				ENABLE_STRICT_OBJC_MSGSEND = YES;
				ENABLE_TESTABILITY = YES;
				ENABLE_USER_SCRIPT_SANDBOXING = YES;
				GCC_C_LANGUAGE_STANDARD = gnu17;
				GCC_DYNAMIC_NO_PIC = NO;
				GCC_NO_COMMON_BLOCKS = YES;
				GCC_OPTIMIZATION_LEVEL = 0;
				GCC_PREPROCESSOR_DEFINITIONS = (
					"DEBUG=1",
					"$(inherited)",
				);
				GCC_WARN_64_TO_32_BIT_CONVERSION = YES;
				GCC_WARN_ABOUT_RETURN_TYPE = YES_ERROR;
				GCC_WARN_UNDECLARED_SELECTOR = YES;
				GCC_WARN_UNINITIALIZED_AUTOS = YES_AGGRESSIVE;
				GCC_WARN_UNUSED_FUNCTION = YES;
				GCC_WARN_UNUSED_VARIABLE = YES;
				IPHONEOS_DEPLOYMENT_TARGET = 17.0;
				LOCALIZATION_PREFERS_STRING_CATALOGS = YES;
				MTL_ENABLE_DEBUG_INFO = INCLUDE_SOURCE;
				MTL_FAST_MATH = YES;
				ONLY_ACTIVE_ARCH = YES;
				SDKROOT = iphoneos;
				SWIFT_ACTIVE_COMPILATION_CONDITIONS = "DEBUG $(inherited)";
				SWIFT_OPTIMIZATION_LEVEL = "-Onone";
			};
			name = Debug;
		};
		BB1B89922AEAD115007DDE3D /* Release */ = {
			isa = XCBuildConfiguration;
			buildSettings = {
				ALWAYS_SEARCH_USER_PATHS = NO;
				ASSETCATALOG_COMPILER_GENERATE_SWIFT_ASSET_SYMBOL_EXTENSIONS = YES;
				CLANG_ANALYZER_NONNULL = YES;
				CLANG_ANALYZER_NUMBER_OBJECT_CONVERSION = YES_AGGRESSIVE;
				CLANG_CXX_LANGUAGE_STANDARD = "gnu++20";
				CLANG_ENABLE_MODULES = YES;
				CLANG_ENABLE_OBJC_ARC = YES;
				CLANG_ENABLE_OBJC_WEAK = YES;
				CLANG_WARN_BLOCK_CAPTURE_AUTORELEASING = YES;
				CLANG_WARN_BOOL_CONVERSION = YES;
				CLANG_WARN_COMMA = YES;
				CLANG_WARN_CONSTANT_CONVERSION = YES;
				CLANG_WARN_DEPRECATED_OBJC_IMPLEMENTATIONS = YES;
				CLANG_WARN_DIRECT_OBJC_ISA_USAGE = YES_ERROR;
				CLANG_WARN_DOCUMENTATION_COMMENTS = YES;
				CLANG_WARN_EMPTY_BODY = YES;
				CLANG_WARN_ENUM_CONVERSION = YES;
				CLANG_WARN_INFINITE_RECURSION = YES;
				CLANG_WARN_INT_CONVERSION = YES;
				CLANG_WARN_NON_LITERAL_NULL_CONVERSION = YES;
				CLANG_WARN_OBJC_IMPLICIT_RETAIN_SELF = YES;
				CLANG_WARN_OBJC_LITERAL_CONVERSION = YES;
				CLANG_WARN_OBJC_ROOT_CLASS = YES_ERROR;
				CLANG_WARN_QUOTED_INCLUDE_IN_FRAMEWORK_HEADER = YES;
				CLANG_WARN_RANGE_LOOP_ANALYSIS = YES;
				CLANG_WARN_STRICT_PROTOTYPES = YES;
				CLANG_WARN_SUSPICIOUS_MOVE = YES;
				CLANG_WARN_UNGUARDED_AVAILABILITY = YES_AGGRESSIVE;
				CLANG_WARN_UNREACHABLE_CODE = YES;
				CLANG_WARN__DUPLICATE_METHOD_MATCH = YES;
				COPY_PHASE_STRIP = NO;
				DEBUG_INFORMATION_FORMAT = "dwarf-with-dsym";
				ENABLE_NS_ASSERTIONS = NO;
				ENABLE_STRICT_OBJC_MSGSEND = YES;
				ENABLE_USER_SCRIPT_SANDBOXING = YES;
				GCC_C_LANGUAGE_STANDARD = gnu17;
				GCC_NO_COMMON_BLOCKS = YES;
				GCC_WARN_64_TO_32_BIT_CONVERSION = YES;
				GCC_WARN_ABOUT_RETURN_TYPE = YES_ERROR;
				GCC_WARN_UNDECLARED_SELECTOR = YES;
				GCC_WARN_UNINITIALIZED_AUTOS = YES_AGGRESSIVE;
				GCC_WARN_UNUSED_FUNCTION = YES;
				GCC_WARN_UNUSED_VARIABLE = YES;
				IPHONEOS_DEPLOYMENT_TARGET = 17.0;
				LOCALIZATION_PREFERS_STRING_CATALOGS = YES;
				MTL_ENABLE_DEBUG_INFO = NO;
				MTL_FAST_MATH = YES;
				SDKROOT = iphoneos;
				SWIFT_COMPILATION_MODE = wholemodule;
				VALIDATE_PRODUCT = YES;
			};
			name = Release;
		};
		BB1B89942AEAD115007DDE3D /* Debug */ = {
			isa = XCBuildConfiguration;
			buildSettings = {
				ASSETCATALOG_COMPILER_APPICON_NAME = AppIcon;
				ASSETCATALOG_COMPILER_GLOBAL_ACCENT_COLOR_NAME = AccentColor;
				CODE_SIGN_STYLE = Automatic;
				CURRENT_PROJECT_VERSION = 1;
				DEVELOPMENT_TEAM = FVEGF5DQ7U;
				GENERATE_INFOPLIST_FILE = YES;
				INFOPLIST_FILE = Assignment6/Info.plist;
				INFOPLIST_KEY_UIApplicationSupportsIndirectInputEvents = YES;
				INFOPLIST_KEY_UILaunchStoryboardName = LaunchScreen;
				INFOPLIST_KEY_UIMainStoryboardFile = Main;
				INFOPLIST_KEY_UISupportedInterfaceOrientations_iPad = "UIInterfaceOrientationPortrait UIInterfaceOrientationPortraitUpsideDown UIInterfaceOrientationLandscapeLeft UIInterfaceOrientationLandscapeRight";
				INFOPLIST_KEY_UISupportedInterfaceOrientations_iPhone = "UIInterfaceOrientationPortrait UIInterfaceOrientationLandscapeLeft UIInterfaceOrientationLandscapeRight";
				LD_RUNPATH_SEARCH_PATHS = (
					"$(inherited)",
					"@executable_path/Frameworks",
				);
				MARKETING_VERSION = 1.0;
				PRODUCT_BUNDLE_IDENTIFIER = sugurutokuda.Assignment6;
				PRODUCT_NAME = "$(TARGET_NAME)";
				SWIFT_EMIT_LOC_STRINGS = YES;
				SWIFT_VERSION = 5.0;
				TARGETED_DEVICE_FAMILY = "1,2";
			};
			name = Debug;
		};
		BB1B89952AEAD115007DDE3D /* Release */ = {
			isa = XCBuildConfiguration;
			buildSettings = {
				ASSETCATALOG_COMPILER_APPICON_NAME = AppIcon;
				ASSETCATALOG_COMPILER_GLOBAL_ACCENT_COLOR_NAME = AccentColor;
				CODE_SIGN_STYLE = Automatic;
				CURRENT_PROJECT_VERSION = 1;
				DEVELOPMENT_TEAM = FVEGF5DQ7U;
				GENERATE_INFOPLIST_FILE = YES;
				INFOPLIST_FILE = Assignment6/Info.plist;
				INFOPLIST_KEY_UIApplicationSupportsIndirectInputEvents = YES;
				INFOPLIST_KEY_UILaunchStoryboardName = LaunchScreen;
				INFOPLIST_KEY_UIMainStoryboardFile = Main;
				INFOPLIST_KEY_UISupportedInterfaceOrientations_iPad = "UIInterfaceOrientationPortrait UIInterfaceOrientationPortraitUpsideDown UIInterfaceOrientationLandscapeLeft UIInterfaceOrientationLandscapeRight";
				INFOPLIST_KEY_UISupportedInterfaceOrientations_iPhone = "UIInterfaceOrientationPortrait UIInterfaceOrientationLandscapeLeft UIInterfaceOrientationLandscapeRight";
				LD_RUNPATH_SEARCH_PATHS = (
					"$(inherited)",
					"@executable_path/Frameworks",
				);
				MARKETING_VERSION = 1.0;
				PRODUCT_BUNDLE_IDENTIFIER = sugurutokuda.Assignment6;
				PRODUCT_NAME = "$(TARGET_NAME)";
				SWIFT_EMIT_LOC_STRINGS = YES;
				SWIFT_VERSION = 5.0;
				TARGETED_DEVICE_FAMILY = "1,2";
			};
			name = Release;
		};
		BB1B89972AEAD115007DDE3D /* Debug */ = {
			isa = XCBuildConfiguration;
			buildSettings = {
				ALWAYS_EMBED_SWIFT_STANDARD_LIBRARIES = YES;
				BUNDLE_LOADER = "$(TEST_HOST)";
				CODE_SIGN_STYLE = Automatic;
				CURRENT_PROJECT_VERSION = 1;
				DEVELOPMENT_TEAM = FVEGF5DQ7U;
				GENERATE_INFOPLIST_FILE = YES;
				IPHONEOS_DEPLOYMENT_TARGET = 17.0;
				MARKETING_VERSION = 1.0;
				PRODUCT_BUNDLE_IDENTIFIER = sugurutokuda.Assignment6Tests;
				PRODUCT_NAME = "$(TARGET_NAME)";
				SWIFT_EMIT_LOC_STRINGS = NO;
				SWIFT_VERSION = 5.0;
				TARGETED_DEVICE_FAMILY = "1,2";
				TEST_HOST = "$(BUILT_PRODUCTS_DIR)/Assignment6.app/$(BUNDLE_EXECUTABLE_FOLDER_PATH)/Assignment6";
			};
			name = Debug;
		};
		BB1B89982AEAD115007DDE3D /* Release */ = {
			isa = XCBuildConfiguration;
			buildSettings = {
				ALWAYS_EMBED_SWIFT_STANDARD_LIBRARIES = YES;
				BUNDLE_LOADER = "$(TEST_HOST)";
				CODE_SIGN_STYLE = Automatic;
				CURRENT_PROJECT_VERSION = 1;
				DEVELOPMENT_TEAM = FVEGF5DQ7U;
				GENERATE_INFOPLIST_FILE = YES;
				IPHONEOS_DEPLOYMENT_TARGET = 17.0;
				MARKETING_VERSION = 1.0;
				PRODUCT_BUNDLE_IDENTIFIER = sugurutokuda.Assignment6Tests;
				PRODUCT_NAME = "$(TARGET_NAME)";
				SWIFT_EMIT_LOC_STRINGS = NO;
				SWIFT_VERSION = 5.0;
				TARGETED_DEVICE_FAMILY = "1,2";
				TEST_HOST = "$(BUILT_PRODUCTS_DIR)/Assignment6.app/$(BUNDLE_EXECUTABLE_FOLDER_PATH)/Assignment6";
			};
			name = Release;
		};
		BB1B899A2AEAD115007DDE3D /* Debug */ = {
			isa = XCBuildConfiguration;
			buildSettings = {
				ALWAYS_EMBED_SWIFT_STANDARD_LIBRARIES = YES;
				CODE_SIGN_STYLE = Automatic;
				CURRENT_PROJECT_VERSION = 1;
				DEVELOPMENT_TEAM = FVEGF5DQ7U;
				GENERATE_INFOPLIST_FILE = YES;
				MARKETING_VERSION = 1.0;
				PRODUCT_BUNDLE_IDENTIFIER = sugurutokuda.Assignment6UITests;
				PRODUCT_NAME = "$(TARGET_NAME)";
				SWIFT_EMIT_LOC_STRINGS = NO;
				SWIFT_VERSION = 5.0;
				TARGETED_DEVICE_FAMILY = "1,2";
				TEST_TARGET_NAME = Assignment6;
			};
			name = Debug;
		};
		BB1B899B2AEAD115007DDE3D /* Release */ = {
			isa = XCBuildConfiguration;
			buildSettings = {
				ALWAYS_EMBED_SWIFT_STANDARD_LIBRARIES = YES;
				CODE_SIGN_STYLE = Automatic;
				CURRENT_PROJECT_VERSION = 1;
				DEVELOPMENT_TEAM = FVEGF5DQ7U;
				GENERATE_INFOPLIST_FILE = YES;
				MARKETING_VERSION = 1.0;
				PRODUCT_BUNDLE_IDENTIFIER = sugurutokuda.Assignment6UITests;
				PRODUCT_NAME = "$(TARGET_NAME)";
				SWIFT_EMIT_LOC_STRINGS = NO;
				SWIFT_VERSION = 5.0;
				TARGETED_DEVICE_FAMILY = "1,2";
				TEST_TARGET_NAME = Assignment6;
			};
			name = Release;
		};
/* End XCBuildConfiguration section */

/* Begin XCConfigurationList section */
		BB1B89642AEAD114007DDE3D /* Build configuration list for PBXProject "Assignment6" */ = {
			isa = XCConfigurationList;
			buildConfigurations = (
				BB1B89912AEAD115007DDE3D /* Debug */,
				BB1B89922AEAD115007DDE3D /* Release */,
			);
			defaultConfigurationIsVisible = 0;
			defaultConfigurationName = Release;
		};
		BB1B89932AEAD115007DDE3D /* Build configuration list for PBXNativeTarget "Assignment6" */ = {
			isa = XCConfigurationList;
			buildConfigurations = (
				BB1B89942AEAD115007DDE3D /* Debug */,
				BB1B89952AEAD115007DDE3D /* Release */,
			);
			defaultConfigurationIsVisible = 0;
			defaultConfigurationName = Release;
		};
		BB1B89962AEAD115007DDE3D /* Build configuration list for PBXNativeTarget "Assignment6Tests" */ = {
			isa = XCConfigurationList;
			buildConfigurations = (
				BB1B89972AEAD115007DDE3D /* Debug */,
				BB1B89982AEAD115007DDE3D /* Release */,
			);
			defaultConfigurationIsVisible = 0;
			defaultConfigurationName = Release;
		};
		BB1B89992AEAD115007DDE3D /* Build configuration list for PBXNativeTarget "Assignment6UITests" */ = {
			isa = XCConfigurationList;
			buildConfigurations = (
				BB1B899A2AEAD115007DDE3D /* Debug */,
				BB1B899B2AEAD115007DDE3D /* Release */,
			);
			defaultConfigurationIsVisible = 0;
			defaultConfigurationName = Release;
		};
/* End XCConfigurationList section */
	};
	rootObject = BB1B89612AEAD114007DDE3D /* Project object */;
}
